PODS:
  - bluetooth_accessory_manager (0.0.1):
    - Flutter
  - device_info_plus (0.0.1):
    - Flutter
  - Flutter (1.0.0)
  - permission_handler_apple (9.3.0):
    - Flutter

DEPENDENCIES:
  - bluetooth_accessory_manager (from `.symlinks/plugins/bluetooth_accessory_manager/ios`)
  - device_info_plus (from `.symlinks/plugins/device_info_plus/ios`)
  - Flutter (from `Flutter`)
  - permission_handler_apple (from `.symlinks/plugins/permission_handler_apple/ios`)

EXTERNAL SOURCES:
  bluetooth_accessory_manager:
    :path: ".symlinks/plugins/bluetooth_accessory_manager/ios"
  device_info_plus:
    :path: ".symlinks/plugins/device_info_plus/ios"
  Flutter:
    :path: Flutter
  permission_handler_apple:
    :path: ".symlinks/plugins/permission_handler_apple/ios"

SPEC CHECKSUMS:
  bluetooth_accessory_manager: d90afc5f9cb943490cdec6df3cab1c8b4ec35d29
  device_info_plus: 335f3ce08d2e174b9fdc3db3db0f4e3b1f66bd89
  Flutter: 71a624a5bc0c04062bf19101d501e466baf2fb47
  permission_handler_apple: 4ed2196e43d0651e8ff7ca3483a069d469701f2d

PODFILE CHECKSUM: 0e525152e3ec397947996fbf92d176f885bd8b2a

COCOAPODS: 1.16.2
